// !$*UTF8*$!
{
	archiveVersion = 1;
	classes = {
	};
	objectVersion = 50;
	objects = {

/* Begin PBXBuildFile section */
		12430D3B23FE3A2700687130 /* bird.png in Resources */ = {isa = PBXBuildFile; fileRef = 12430D3D23FE3A2700687130 /* bird.png */; };
		12E1730823FDDD8B00C012F4 /* AppDelegate.m in Sources */ = {isa = PBXBuildFile; fileRef = 12E1730723FDDD8B00C012F4 /* AppDelegate.m */; };
		12E1730B23FDDD8B00C012F4 /* SceneDelegate.m in Sources */ = {isa = PBXBuildFile; fileRef = 12E1730A23FDDD8B00C012F4 /* SceneDelegate.m */; };
		12E1730E23FDDD8B00C012F4 /* ViewController.m in Sources */ = {isa = PBXBuildFile; fileRef = 12E1730D23FDDD8B00C012F4 /* ViewController.m */; };
		12E1731123FDDD8B00C012F4 /* Main.storyboard in Resources */ = {isa = PBXBuildFile; fileRef = 12E1730F23FDDD8B00C012F4 /* Main.storyboard */; };
		12E1731323FDDD8E00C012F4 /* Assets.xcassets in Resources */ = {isa = PBXBuildFile; fileRef = 12E1731223FDDD8E00C012F4 /* Assets.xcassets */; };
		12E1731623FDDD8E00C012F4 /* LaunchScreen.storyboard in Resources */ = {isa = PBXBuildFile; fileRef = 12E1731423FDDD8E00C012F4 /* LaunchScreen.storyboard */; };
		12E1731923FDDD8E00C012F4 /* main.m in Sources */ = {isa = PBXBuildFile; fileRef = 12E1731823FDDD8E00C012F4 /* main.m */; };
		12E1732323FDDD8F00C012F4 /* Color_PickerTests.m in Sources */ = {isa = PBXBuildFile; fileRef = 12E1732223FDDD8F00C012F4 /* Color_PickerTests.m */; };
		12E1732E23FDDD8F00C012F4 /* Color_PickerUITests.m in Sources */ = {isa = PBXBuildFile; fileRef = 12E1732D23FDDD8F00C012F4 /* Color_PickerUITests.m */; };
/* End PBXBuildFile section */

/* Begin PBXContainerItemProxy section */
		12E1731F23FDDD8F00C012F4 /* PBXContainerItemProxy */ = {
			isa = PBXContainerItemProxy;
			containerPortal = 12E172FB23FDDD8B00C012F4 /* Project object */;
			proxyType = 1;
			remoteGlobalIDString = 12E1730223FDDD8B00C012F4;
			remoteInfo = "Color Picker";
		};
		12E1732A23FDDD8F00C012F4 /* PBXContainerItemProxy */ = {
			isa = PBXContainerItemProxy;
			containerPortal = 12E172FB23FDDD8B00C012F4 /* Project object */;
			proxyType = 1;
			remoteGlobalIDString = 12E1730223FDDD8B00C012F4;
			remoteInfo = "Color Picker";
		};
/* End PBXContainerItemProxy section */

/* Begin PBXFileReference section */
		12430D3C23FE3A2700687130 /* Base */ = {isa = PBXFileReference; lastKnownFileType = image.png; name = Base; path = Base.lproj/bird.png; sourceTree = "<group>"; };
		12E1730323FDDD8B00C012F4 /* Color Picker.app */ = {isa = PBXFileReference; explicitFileType = wrapper.application; includeInIndex = 0; path = "Color Picker.app"; sourceTree = BUILT_PRODUCTS_DIR; };
		12E1730623FDDD8B00C012F4 /* AppDelegate.h */ = {isa = PBXFileReference; lastKnownFileType = sourcecode.c.h; path = AppDelegate.h; sourceTree = "<group>"; };
		12E1730723FDDD8B00C012F4 /* AppDelegate.m */ = {isa = PBXFileReference; lastKnownFileType = sourcecode.c.objc; path = AppDelegate.m; sourceTree = "<group>"; };
		12E1730923FDDD8B00C012F4 /* SceneDelegate.h */ = {isa = PBXFileReference; lastKnownFileType = sourcecode.c.h; path = SceneDelegate.h; sourceTree = "<group>"; };
		12E1730A23FDDD8B00C012F4 /* SceneDelegate.m */ = {isa = PBXFileReference; lastKnownFileType = sourcecode.c.objc; path = SceneDelegate.m; sourceTree = "<group>"; };
		12E1730C23FDDD8B00C012F4 /* ViewController.h */ = {isa = PBXFileReference; lastKnownFileType = sourcecode.c.h; path = ViewController.h; sourceTree = "<group>"; };
		12E1730D23FDDD8B00C012F4 /* ViewController.m */ = {isa = PBXFileReference; lastKnownFileType = sourcecode.c.objc; path = ViewController.m; sourceTree = "<group>"; };
		12E1731023FDDD8B00C012F4 /* Base */ = {isa = PBXFileReference; lastKnownFileType = file.storyboard; name = Base; path = Base.lproj/Main.storyboard; sourceTree = "<group>"; };
		12E1731223FDDD8E00C012F4 /* Assets.xcassets */ = {isa = PBXFileReference; lastKnownFileType = folder.assetcatalog; path = Assets.xcassets; sourceTree = "<group>"; };
		12E1731523FDDD8E00C012F4 /* Base */ = {isa = PBXFileReference; lastKnownFileType = file.storyboard; name = Base; path = Base.lproj/LaunchScreen.storyboard; sourceTree = "<group>"; };
		12E1731723FDDD8E00C012F4 /* Info.plist */ = {isa = PBXFileReference; lastKnownFileType = text.plist.xml; path = Info.plist; sourceTree = "<group>"; };
		12E1731823FDDD8E00C012F4 /* main.m */ = {isa = PBXFileReference; lastKnownFileType = sourcecode.c.objc; path = main.m; sourceTree = "<group>"; };
		12E1731E23FDDD8F00C012F4 /* Color PickerTests.xctest */ = {isa = PBXFileReference; explicitFileType = wrapper.cfbundle; includeInIndex = 0; path = "Color PickerTests.xctest"; sourceTree = BUILT_PRODUCTS_DIR; };
		12E1732223FDDD8F00C012F4 /* Color_PickerTests.m */ = {isa = PBXFileReference; lastKnownFileType = sourcecode.c.objc; path = Color_PickerTests.m; sourceTree = "<group>"; };
		12E1732423FDDD8F00C012F4 /* Info.plist */ = {isa = PBXFileReference; lastKnownFileType = text.plist.xml; path = Info.plist; sourceTree = "<group>"; };
		12E1732923FDDD8F00C012F4 /* Color PickerUITests.xctest */ = {isa = PBXFileReference; explicitFileType = wrapper.cfbundle; includeInIndex = 0; path = "Color PickerUITests.xctest"; sourceTree = BUILT_PRODUCTS_DIR; };
		12E1732D23FDDD8F00C012F4 /* Color_PickerUITests.m */ = {isa = PBXFileReference; lastKnownFileType = sourcecode.c.objc; path = Color_PickerUITests.m; sourceTree = "<group>"; };
		12E1732F23FDDD8F00C012F4 /* Info.plist */ = {isa = PBXFileReference; lastKnownFileType = text.plist.xml; path = Info.plist; sourceTree = "<group>"; };
/* End PBXFileReference section */

/* Begin PBXFrameworksBuildPhase section */
		12E1730023FDDD8B00C012F4 /* Frameworks */ = {
			isa = PBXFrameworksBuildPhase;
			buildActionMask = 2147483647;
			files = (
			);
			runOnlyForDeploymentPostprocessing = 0;
		};
		12E1731B23FDDD8F00C012F4 /* Frameworks */ = {
			isa = PBXFrameworksBuildPhase;
			buildActionMask = 2147483647;
			files = (
			);
			runOnlyForDeploymentPostprocessing = 0;
		};
		12E1732623FDDD8F00C012F4 /* Frameworks */ = {
			isa = PBXFrameworksBuildPhase;
			buildActionMask = 2147483647;
			files = (
			);
			runOnlyForDeploymentPostprocessing = 0;
		};
/* End PBXFrameworksBuildPhase section */

/* Begin PBXGroup section */
		12E172FA23FDDD8B00C012F4 = {
			isa = PBXGroup;
			children = (
				12E1730523FDDD8B00C012F4 /* Color Picker */,
				12E1732123FDDD8F00C012F4 /* Color PickerTests */,
				12E1732C23FDDD8F00C012F4 /* Color PickerUITests */,
				12E1730423FDDD8B00C012F4 /* Products */,
				12430D3D23FE3A2700687130 /* bird.png */,
			);
			sourceTree = "<group>";
		};
		12E1730423FDDD8B00C012F4 /* Products */ = {
			isa = PBXGroup;
			children = (
				12E1730323FDDD8B00C012F4 /* Color Picker.app */,
				12E1731E23FDDD8F00C012F4 /* Color PickerTests.xctest */,
				12E1732923FDDD8F00C012F4 /* Color PickerUITests.xctest */,
			);
			name = Products;
			sourceTree = "<group>";
		};
		12E1730523FDDD8B00C012F4 /* Color Picker */ = {
			isa = PBXGroup;
			children = (
				12E1730623FDDD8B00C012F4 /* AppDelegate.h */,
				12E1730723FDDD8B00C012F4 /* AppDelegate.m */,
				12E1730923FDDD8B00C012F4 /* SceneDelegate.h */,
				12E1730A23FDDD8B00C012F4 /* SceneDelegate.m */,
				12E1730C23FDDD8B00C012F4 /* ViewController.h */,
				12E1730D23FDDD8B00C012F4 /* ViewController.m */,
				12E1730F23FDDD8B00C012F4 /* Main.storyboard */,
				12E1731223FDDD8E00C012F4 /* Assets.xcassets */,
				12E1731423FDDD8E00C012F4 /* LaunchScreen.storyboard */,
				12E1731723FDDD8E00C012F4 /* Info.plist */,
				12E1731823FDDD8E00C012F4 /* main.m */,
			);
			path = "Color Picker";
			sourceTree = "<group>";
		};
		12E1732123FDDD8F00C012F4 /* Color PickerTests */ = {
			isa = PBXGroup;
			children = (
				12E1732223FDDD8F00C012F4 /* Color_PickerTests.m */,
				12E1732423FDDD8F00C012F4 /* Info.plist */,
			);
			path = "Color PickerTests";
			sourceTree = "<group>";
		};
		12E1732C23FDDD8F00C012F4 /* Color PickerUITests */ = {
			isa = PBXGroup;
			children = (
				12E1732D23FDDD8F00C012F4 /* Color_PickerUITests.m */,
				12E1732F23FDDD8F00C012F4 /* Info.plist */,
			);
			path = "Color PickerUITests";
			sourceTree = "<group>";
		};
/* End PBXGroup section */

/* Begin PBXNativeTarget section */
		12E1730223FDDD8B00C012F4 /* Color Picker */ = {
			isa = PBXNativeTarget;
			buildConfigurationList = 12E1733223FDDD8F00C012F4 /* Build configuration list for PBXNativeTarget "Color Picker" */;
			buildPhases = (
				12E172FF23FDDD8B00C012F4 /* Sources */,
				12E1730023FDDD8B00C012F4 /* Frameworks */,
				12E1730123FDDD8B00C012F4 /* Resources */,
			);
			buildRules = (
			);
			dependencies = (
			);
			name = "Color Picker";
			productName = "Color Picker";
			productReference = 12E1730323FDDD8B00C012F4 /* Color Picker.app */;
			productType = "com.apple.product-type.application";
		};
		12E1731D23FDDD8F00C012F4 /* Color PickerTests */ = {
			isa = PBXNativeTarget;
			buildConfigurationList = 12E1733523FDDD8F00C012F4 /* Build configuration list for PBXNativeTarget "Color PickerTests" */;
			buildPhases = (
				12E1731A23FDDD8F00C012F4 /* Sources */,
				12E1731B23FDDD8F00C012F4 /* Frameworks */,
				12E1731C23FDDD8F00C012F4 /* Resources */,
			);
			buildRules = (
			);
			dependencies = (
				12E1732023FDDD8F00C012F4 /* PBXTargetDependency */,
			);
			name = "Color PickerTests";
			productName = "Color PickerTests";
			productReference = 12E1731E23FDDD8F00C012F4 /* Color PickerTests.xctest */;
			productType = "com.apple.product-type.bundle.unit-test";
		};
		12E1732823FDDD8F00C012F4 /* Color PickerUITests */ = {
			isa = PBXNativeTarget;
			buildConfigurationList = 12E1733823FDDD8F00C012F4 /* Build configuration list for PBXNativeTarget "Color PickerUITests" */;
			buildPhases = (
				12E1732523FDDD8F00C012F4 /* Sources */,
				12E1732623FDDD8F00C012F4 /* Frameworks */,
				12E1732723FDDD8F00C012F4 /* Resources */,
			);
			buildRules = (
			);
			dependencies = (
				12E1732B23FDDD8F00C012F4 /* PBXTargetDependency */,
			);
			name = "Color PickerUITests";
			productName = "Color PickerUITests";
			productReference = 12E1732923FDDD8F00C012F4 /* Color PickerUITests.xctest */;
			productType = "com.apple.product-type.bundle.ui-testing";
		};
/* End PBXNativeTarget section */

/* Begin PBXProject section */
		12E172FB23FDDD8B00C012F4 /* Project object */ = {
			isa = PBXProject;
			attributes = {
				LastUpgradeCheck = 1130;
				ORGANIZATIONNAME = "Ivanna Peña";
				TargetAttributes = {
					12E1730223FDDD8B00C012F4 = {
						CreatedOnToolsVersion = 11.3.1;
					};
					12E1731D23FDDD8F00C012F4 = {
						CreatedOnToolsVersion = 11.3.1;
						TestTargetID = 12E1730223FDDD8B00C012F4;
					};
					12E1732823FDDD8F00C012F4 = {
						CreatedOnToolsVersion = 11.3.1;
						TestTargetID = 12E1730223FDDD8B00C012F4;
					};
				};
			};
			buildConfigurationList = 12E172FE23FDDD8B00C012F4 /* Build configuration list for PBXProject "Color Picker" */;
			compatibilityVersion = "Xcode 9.3";
			developmentRegion = en;
			hasScannedForEncodings = 0;
			knownRegions = (
				en,
				Base,
			);
			mainGroup = 12E172FA23FDDD8B00C012F4;
			productRefGroup = 12E1730423FDDD8B00C012F4 /* Products */;
			projectDirPath = "";
			projectRoot = "";
			targets = (
				12E1730223FDDD8B00C012F4 /* Color Picker */,
				12E1731D23FDDD8F00C012F4 /* Color PickerTests */,
				12E1732823FDDD8F00C012F4 /* Color PickerUITests */,
			);
		};
/* End PBXProject section */

/* Begin PBXResourcesBuildPhase section */
		12E1730123FDDD8B00C012F4 /* Resources */ = {
			isa = PBXResourcesBuildPhase;
			buildActionMask = 2147483647;
			files = (
				12430D3B23FE3A2700687130 /* bird.png in Resources */,
				12E1731623FDDD8E00C012F4 /* LaunchScreen.storyboard in Resources */,
				12E1731323FDDD8E00C012F4 /* Assets.xcassets in Resources */,
				12E1731123FDDD8B00C012F4 /* Main.storyboard in Resources */,
			);
			runOnlyForDeploymentPostprocessing = 0;
		};
		12E1731C23FDDD8F00C012F4 /* Resources */ = {
			isa = PBXResourcesBuildPhase;
			buildActionMask = 2147483647;
			files = (
			);
			runOnlyForDeploymentPostprocessing = 0;
		};
		12E1732723FDDD8F00C012F4 /* Resources */ = {
			isa = PBXResourcesBuildPhase;
			buildActionMask = 2147483647;
			files = (
			);
			runOnlyForDeploymentPostprocessing = 0;
		};
/* End PBXResourcesBuildPhase section */

/* Begin PBXSourcesBuildPhase section */
		12E172FF23FDDD8B00C012F4 /* Sources */ = {
			isa = PBXSourcesBuildPhase;
			buildActionMask = 2147483647;
			files = (
				12E1730E23FDDD8B00C012F4 /* ViewController.m in Sources */,
				12E1730823FDDD8B00C012F4 /* AppDelegate.m in Sources */,
				12E1731923FDDD8E00C012F4 /* main.m in Sources */,
				12E1730B23FDDD8B00C012F4 /* SceneDelegate.m in Sources */,
			);
			runOnlyForDeploymentPostprocessing = 0;
		};
		12E1731A23FDDD8F00C012F4 /* Sources */ = {
			isa = PBXSourcesBuildPhase;
			buildActionMask = 2147483647;
			files = (
				12E1732323FDDD8F00C012F4 /* Color_PickerTests.m in Sources */,
			);
			runOnlyForDeploymentPostprocessing = 0;
		};
		12E1732523FDDD8F00C012F4 /* Sources */ = {
			isa = PBXSourcesBuildPhase;
			buildActionMask = 2147483647;
			files = (
				12E1732E23FDDD8F00C012F4 /* Color_PickerUITests.m in Sources */,
			);
			runOnlyForDeploymentPostprocessing = 0;
		};
/* End PBXSourcesBuildPhase section */

/* Begin PBXTargetDependency section */
		12E1732023FDDD8F00C012F4 /* PBXTargetDependency */ = {
			isa = PBXTargetDependency;
			target = 12E1730223FDDD8B00C012F4 /* Color Picker */;
			targetProxy = 12E1731F23FDDD8F00C012F4 /* PBXContainerItemProxy */;
		};
		12E1732B23FDDD8F00C012F4 /* PBXTargetDependency */ = {
			isa = PBXTargetDependency;
			target = 12E1730223FDDD8B00C012F4 /* Color Picker */;
			targetProxy = 12E1732A23FDDD8F00C012F4 /* PBXContainerItemProxy */;
		};
/* End PBXTargetDependency section */

/* Begin PBXVariantGroup section */
		12430D3D23FE3A2700687130 /* bird.png */ = {
			isa = PBXVariantGroup;
			children = (
				12430D3C23FE3A2700687130 /* Base */,
			);
			name = bird.png;
			sourceTree = SOURCE_ROOT;
		};
		12E1730F23FDDD8B00C012F4 /* Main.storyboard */ = {
			isa = PBXVariantGroup;
			children = (
				12E1731023FDDD8B00C012F4 /* Base */,
			);
			name = Main.storyboard;
			sourceTree = "<group>";
		};
		12E1731423FDDD8E00C012F4 /* LaunchScreen.storyboard */ = {
			isa = PBXVariantGroup;
			children = (
				12E1731523FDDD8E00C012F4 /* Base */,
			);
			name = LaunchScreen.storyboard;
			sourceTree = "<group>";
		};
/* End PBXVariantGroup section */

/* Begin XCBuildConfiguration section */
		12E1733023FDDD8F00C012F4 /* Debug */ = {
			isa = XCBuildConfiguration;
			buildSettings = {
				ALWAYS_SEARCH_USER_PATHS = NO;
				CLANG_ANALYZER_NONNULL = YES;
				CLANG_ANALYZER_NUMBER_OBJECT_CONVERSION = YES_AGGRESSIVE;
				CLANG_CXX_LANGUAGE_STANDARD = "gnu++14";
				CLANG_CXX_LIBRARY = "libc++";
				CLANG_ENABLE_MODULES = YES;
				CLANG_ENABLE_OBJC_ARC = YES;
				CLANG_ENABLE_OBJC_WEAK = YES;
				CLANG_WARN_BLOCK_CAPTURE_AUTORELEASING = YES;
				CLANG_WARN_BOOL_CONVERSION = YES;
				CLANG_WARN_COMMA = YES;
				CLANG_WARN_CONSTANT_CONVERSION = YES;
				CLANG_WARN_DEPRECATED_OBJC_IMPLEMENTATIONS = YES;
				CLANG_WARN_DIRECT_OBJC_ISA_USAGE = YES_ERROR;
				CLANG_WARN_DOCUMENTATION_COMMENTS = YES;
				CLANG_WARN_EMPTY_BODY = YES;
				CLANG_WARN_ENUM_CONVERSION = YES;
				CLANG_WARN_INFINITE_RECURSION = YES;
				CLANG_WARN_INT_CONVERSION = YES;
				CLANG_WARN_NON_LITERAL_NULL_CONVERSION = YES;
				CLANG_WARN_OBJC_IMPLICIT_RETAIN_SELF = YES;
				CLANG_WARN_OBJC_LITERAL_CONVERSION = YES;
				CLANG_WARN_OBJC_ROOT_CLASS = YES_ERROR;
				CLANG_WARN_RANGE_LOOP_ANALYSIS = YES;
				CLANG_WARN_STRICT_PROTOTYPES = YES;
				CLANG_WARN_SUSPICIOUS_MOVE = YES;
				CLANG_WARN_UNGUARDED_AVAILABILITY = YES_AGGRESSIVE;
				CLANG_WARN_UNREACHABLE_CODE = YES;
				CLANG_WARN__DUPLICATE_METHOD_MATCH = YES;
				COPY_PHASE_STRIP = NO;
				DEBUG_INFORMATION_FORMAT = dwarf;
				ENABLE_STRICT_OBJC_MSGSEND = YES;
				ENABLE_TESTABILITY = YES;
				GCC_C_LANGUAGE_STANDARD = gnu11;
				GCC_DYNAMIC_NO_PIC = NO;
				GCC_NO_COMMON_BLOCKS = YES;
				GCC_OPTIMIZATION_LEVEL = 0;
				GCC_PREPROCESSOR_DEFINITIONS = (
					"DEBUG=1",
					"$(inherited)",
				);
				GCC_WARN_64_TO_32_BIT_CONVERSION = YES;
				GCC_WARN_ABOUT_RETURN_TYPE = YES_ERROR;
				GCC_WARN_UNDECLARED_SELECTOR = YES;
				GCC_WARN_UNINITIALIZED_AUTOS = YES_AGGRESSIVE;
				GCC_WARN_UNUSED_FUNCTION = YES;
				GCC_WARN_UNUSED_VARIABLE = YES;
				IPHONEOS_DEPLOYMENT_TARGET = 13.2;
				MTL_ENABLE_DEBUG_INFO = INCLUDE_SOURCE;
				MTL_FAST_MATH = YES;
				ONLY_ACTIVE_ARCH = YES;
				SDKROOT = iphoneos;
			};
			name = Debug;
		};
		12E1733123FDDD8F00C012F4 /* Release */ = {
			isa = XCBuildConfiguration;
			buildSettings = {
				ALWAYS_SEARCH_USER_PATHS = NO;
				CLANG_ANALYZER_NONNULL = YES;
				CLANG_ANALYZER_NUMBER_OBJECT_CONVERSION = YES_AGGRESSIVE;
				CLANG_CXX_LANGUAGE_STANDARD = "gnu++14";
				CLANG_CXX_LIBRARY = "libc++";
				CLANG_ENABLE_MODULES = YES;
				CLANG_ENABLE_OBJC_ARC = YES;
				CLANG_ENABLE_OBJC_WEAK = YES;
				CLANG_WARN_BLOCK_CAPTURE_AUTORELEASING = YES;
				CLANG_WARN_BOOL_CONVERSION = YES;
				CLANG_WARN_COMMA = YES;
				CLANG_WARN_CONSTANT_CONVERSION = YES;
				CLANG_WARN_DEPRECATED_OBJC_IMPLEMENTATIONS = YES;
				CLANG_WARN_DIRECT_OBJC_ISA_USAGE = YES_ERROR;
				CLANG_WARN_DOCUMENTATION_COMMENTS = YES;
				CLANG_WARN_EMPTY_BODY = YES;
				CLANG_WARN_ENUM_CONVERSION = YES;
				CLANG_WARN_INFINITE_RECURSION = YES;
				CLANG_WARN_INT_CONVERSION = YES;
				CLANG_WARN_NON_LITERAL_NULL_CONVERSION = YES;
				CLANG_WARN_OBJC_IMPLICIT_RETAIN_SELF = YES;
				CLANG_WARN_OBJC_LITERAL_CONVERSION = YES;
				CLANG_WARN_OBJC_ROOT_CLASS = YES_ERROR;
				CLANG_WARN_RANGE_LOOP_ANALYSIS = YES;
				CLANG_WARN_STRICT_PROTOTYPES = YES;
				CLANG_WARN_SUSPICIOUS_MOVE = YES;
				CLANG_WARN_UNGUARDED_AVAILABILITY = YES_AGGRESSIVE;
				CLANG_WARN_UNREACHABLE_CODE = YES;
				CLANG_WARN__DUPLICATE_METHOD_MATCH = YES;
				COPY_PHASE_STRIP = NO;
				DEBUG_INFORMATION_FORMAT = "dwarf-with-dsym";
				ENABLE_NS_ASSERTIONS = NO;
				ENABLE_STRICT_OBJC_MSGSEND = YES;
				GCC_C_LANGUAGE_STANDARD = gnu11;
				GCC_NO_COMMON_BLOCKS = YES;
				GCC_WARN_64_TO_32_BIT_CONVERSION = YES;
				GCC_WARN_ABOUT_RETURN_TYPE = YES_ERROR;
				GCC_WARN_UNDECLARED_SELECTOR = YES;
				GCC_WARN_UNINITIALIZED_AUTOS = YES_AGGRESSIVE;
				GCC_WARN_UNUSED_FUNCTION = YES;
				GCC_WARN_UNUSED_VARIABLE = YES;
				IPHONEOS_DEPLOYMENT_TARGET = 13.2;
				MTL_ENABLE_DEBUG_INFO = NO;
				MTL_FAST_MATH = YES;
				SDKROOT = iphoneos;
				VALIDATE_PRODUCT = YES;
			};
			name = Release;
		};
		12E1733323FDDD8F00C012F4 /* Debug */ = {
			isa = XCBuildConfiguration;
			buildSettings = {
				ASSETCATALOG_COMPILER_APPICON_NAME = AppIcon;
				CODE_SIGN_STYLE = Automatic;
				DEVELOPMENT_TEAM = NAHHS82URL;
				INFOPLIST_FILE = "Color Picker/Info.plist";
				LD_RUNPATH_SEARCH_PATHS = (
					"$(inherited)",
					"@executable_path/Frameworks",
				);
				PRODUCT_BUNDLE_IDENTIFIER = "iosprogramming.Color-Picker";
				PRODUCT_NAME = "$(TARGET_NAME)";
				TARGETED_DEVICE_FAMILY = "1,2";
			};
			name = Debug;
		};
		12E1733423FDDD8F00C012F4 /* Release */ = {
			isa = XCBuildConfiguration;
			buildSettings = {
				ASSETCATALOG_COMPILER_APPICON_NAME = AppIcon;
				CODE_SIGN_STYLE = Automatic;
				DEVELOPMENT_TEAM = NAHHS82URL;
				INFOPLIST_FILE = "Color Picker/Info.plist";
				LD_RUNPATH_SEARCH_PATHS = (
					"$(inherited)",
					"@executable_path/Frameworks",
				);
				PRODUCT_BUNDLE_IDENTIFIER = "iosprogramming.Color-Picker";
				PRODUCT_NAME = "$(TARGET_NAME)";
				TARGETED_DEVICE_FAMILY = "1,2";
			};
			name = Release;
		};
		12E1733623FDDD8F00C012F4 /* Debug */ = {
			isa = XCBuildConfiguration;
			buildSettings = {
				BUNDLE_LOADER = "$(TEST_HOST)";
				CODE_SIGN_STYLE = Automatic;
				DEVELOPMENT_TEAM = NAHHS82URL;
				INFOPLIST_FILE = "Color PickerTests/Info.plist";
				IPHONEOS_DEPLOYMENT_TARGET = 13.2;
				LD_RUNPATH_SEARCH_PATHS = (
					"$(inherited)",
					"@executable_path/Frameworks",
					"@loader_path/Frameworks",
				);
				PRODUCT_BUNDLE_IDENTIFIER = "iosprogramming.Color-PickerTests";
				PRODUCT_NAME = "$(TARGET_NAME)";
				TARGETED_DEVICE_FAMILY = "1,2";
				TEST_HOST = "$(BUILT_PRODUCTS_DIR)/Color Picker.app/Color Picker";
			};
			name = Debug;
		};
		12E1733723FDDD8F00C012F4 /* Release */ = {
			isa = XCBuildConfiguration;
			buildSettings = {
				BUNDLE_LOADER = "$(TEST_HOST)";
				CODE_SIGN_STYLE = Automatic;
				DEVELOPMENT_TEAM = NAHHS82URL;
				INFOPLIST_FILE = "Color PickerTests/Info.plist";
				IPHONEOS_DEPLOYMENT_TARGET = 13.2;
				LD_RUNPATH_SEARCH_PATHS = (
					"$(inherited)",
					"@executable_path/Frameworks",
					"@loader_path/Frameworks",
				);
				PRODUCT_BUNDLE_IDENTIFIER = "iosprogramming.Color-PickerTests";
				PRODUCT_NAME = "$(TARGET_NAME)";
				TARGETED_DEVICE_FAMILY = "1,2";
				TEST_HOST = "$(BUILT_PRODUCTS_DIR)/Color Picker.app/Color Picker";
			};
			name = Release;
		};
		12E1733923FDDD8F00C012F4 /* Debug */ = {
			isa = XCBuildConfiguration;
			buildSettings = {
				CODE_SIGN_STYLE = Automatic;
				DEVELOPMENT_TEAM = NAHHS82URL;
				INFOPLIST_FILE = "Color PickerUITests/Info.plist";
				LD_RUNPATH_SEARCH_PATHS = (
					"$(inherited)",
					"@executable_path/Frameworks",
					"@loader_path/Frameworks",
				);
				PRODUCT_BUNDLE_IDENTIFIER = "iosprogramming.Color-PickerUITests";
				PRODUCT_NAME = "$(TARGET_NAME)";
				TARGETED_DEVICE_FAMILY = "1,2";
				TEST_TARGET_NAME = "Color Picker";
			};
			name = Debug;
		};
		12E1733A23FDDD8F00C012F4 /* Release */ = {
			isa = XCBuildConfiguration;
			buildSettings = {
				CODE_SIGN_STYLE = Automatic;
				DEVELOPMENT_TEAM = NAHHS82URL;
				INFOPLIST_FILE = "Color PickerUITests/Info.plist";
				LD_RUNPATH_SEARCH_PATHS = (
					"$(inherited)",
					"@executable_path/Frameworks",
					"@loader_path/Frameworks",
				);
				PRODUCT_BUNDLE_IDENTIFIER = "iosprogramming.Color-PickerUITests";
				PRODUCT_NAME = "$(TARGET_NAME)";
				TARGETED_DEVICE_FAMILY = "1,2";
				TEST_TARGET_NAME = "Color Picker";
			};
			name = Release;
		};
/* End XCBuildConfiguration section */

/* Begin XCConfigurationList section */
		12E172FE23FDDD8B00C012F4 /* Build configuration list for PBXProject "Color Picker" */ = {
			isa = XCConfigurationList;
			buildConfigurations = (
				12E1733023FDDD8F00C012F4 /* Debug */,
				12E1733123FDDD8F00C012F4 /* Release */,
			);
			defaultConfigurationIsVisible = 0;
			defaultConfigurationName = Release;
		};
		12E1733223FDDD8F00C012F4 /* Build configuration list for PBXNativeTarget "Color Picker" */ = {
			isa = XCConfigurationList;
			buildConfigurations = (
				12E1733323FDDD8F00C012F4 /* Debug */,
				12E1733423FDDD8F00C012F4 /* Release */,
			);
			defaultConfigurationIsVisible = 0;
			defaultConfigurationName = Release;
		};
		12E1733523FDDD8F00C012F4 /* Build configuration list for PBXNativeTarget "Color PickerTests" */ = {
			isa = XCConfigurationList;
			buildConfigurations = (
				12E1733623FDDD8F00C012F4 /* Debug */,
				12E1733723FDDD8F00C012F4 /* Release */,
			);
			defaultConfigurationIsVisible = 0;
			defaultConfigurationName = Release;
		};
		12E1733823FDDD8F00C012F4 /* Build configuration list for PBXNativeTarget "Color PickerUITests" */ = {
			isa = XCConfigurationList;
			buildConfigurations = (
				12E1733923FDDD8F00C012F4 /* Debug */,
				12E1733A23FDDD8F00C012F4 /* Release */,
			);
			defaultConfigurationIsVisible = 0;
			defaultConfigurationName = Release;
		};
/* End XCConfigurationList section */
	};
	rootObject = 12E172FB23FDDD8B00C012F4 /* Project object */;
}
